
Microsoft Visual Studio Solution File, Format Version 12.00
# Visual Studio Version 16
VisualStudioVersion = 16.0.30128.74
MinimumVisualStudioVersion = 10.0.40219.1
Project("{FAE04EC0-301F-11D3-BF4B-00C04F79EFBC}") = "VisualStudioPlugin", "VisualStudioPlugin\VisualStudioPlugin.csproj", "{161FCF2E-3A66-4485-BF4A-78D8857E6252}"
EndProject
Global
	GlobalSection(SolutionConfigurationPlatforms) = preSolution
		Debug|Any CPU = Debug|Any CPU
		Release|Any CPU = Release|Any CPU
	EndGlobalSection
	GlobalSection(ProjectConfigurationPlatforms) = postSolution
		{161FCF2E-3A66-4485-BF4A-78D8857E6252}.Debug|Any CPU.ActiveCfg = Debug|Any CPU
		{161FCF2E-3A66-4485-BF4A-78D8857E6252}.Debug|Any CPU.Build.0 = Debug|Any CPU
		{161FCF2E-3A66-4485-BF4A-78D8857E6252}.Release|Any CPU.ActiveCfg = Release|Any CPU
		{161FCF2E-3A66-4485-BF4A-78D8857E6252}.Release|Any CPU.Build.0 = Release|Any CPU
	EndGlobalSection
	GlobalSection(SolutionProperties) = preSolution
		HideSolutionNode = FALSE
	EndGlobalSection
	GlobalSection(ExtensibilityGlobals) = postSolution
		SolutionGuid = {3D5DAEE6-78F2-4AD3-B762-9D2DD9038655}
	EndGlobalSection
EndGlobal
